
Microsoft Visual Studio Solution File, Format Version 12.00
# Visual Studio 14
VisualStudioVersion = 14.0.25420.1
MinimumVisualStudioVersion = 10.0.40219.1
Project("{FAE04EC0-301F-11D3-BF4B-00C04F79EFBC}") = "ToyRobot", "ToyRobot\ToyRobot.csproj", "{D932D731-62CD-4F72-8498-86C0C87BCBC8}"
EndProject
Project("{2150E333-8FDC-42A3-9474-1A3956D46DE8}") = "Solution Items", "Solution Items", "{412BB49A-6C1E-4BC9-B16B-0347F9C53B23}"
EndProject
Global
	GlobalSection(SolutionConfigurationPlatforms) = preSolution
		Debug|Any CPU = Debug|Any CPU
		Release|Any CPU = Release|Any CPU
	EndGlobalSection
	GlobalSection(ProjectConfigurationPlatforms) = postSolution
		{D932D731-62CD-4F72-8498-86C0C87BCBC8}.Debug|Any CPU.ActiveCfg = Debug|Any CPU
		{D932D731-62CD-4F72-8498-86C0C87BCBC8}.Debug|Any CPU.Build.0 = Debug|Any CPU
		{D932D731-62CD-4F72-8498-86C0C87BCBC8}.Release|Any CPU.ActiveCfg = Release|Any CPU
		{D932D731-62CD-4F72-8498-86C0C87BCBC8}.Release|Any CPU.Build.0 = Release|Any CPU
	EndGlobalSection
	GlobalSection(SolutionProperties) = preSolution
		HideSolutionNode = FALSE
	EndGlobalSection
EndGlobal
